
Microsoft Visual Studio Solution File, Format Version 12.00
# Visual Studio Version 17
VisualStudioVersion = 17.10.34916.146
MinimumVisualStudioVersion = 10.0.40219.1
Project("{9A19103F-16F7-4668-BE54-9A1E7A4F7556}") = "CustomerManagement.Api", "CustomerManagement.Api\CustomerManagement.Api.csproj", "{2C134E57-4504-443C-B6A0-198B02640F12}"
EndProject
Project("{FAE04EC0-301F-11D3-BF4B-00C04F79EFBC}") = "CustomerManagement.WebApp", "CustomerManagement.WebApp\CustomerManagement.WebApp.csproj", "{DC9FD425-66D7-43B4-9114-FC4A923421E0}"
EndProject
Global
	GlobalSection(SolutionConfigurationPlatforms) = preSolution
		Debug|Any CPU = Debug|Any CPU
		Release|Any CPU = Release|Any CPU
	EndGlobalSection
	GlobalSection(ProjectConfigurationPlatforms) = postSolution
		{2C134E57-4504-443C-B6A0-198B02640F12}.Debug|Any CPU.ActiveCfg = Debug|Any CPU
		{2C134E57-4504-443C-B6A0-198B02640F12}.Debug|Any CPU.Build.0 = Debug|Any CPU
		{2C134E57-4504-443C-B6A0-198B02640F12}.Release|Any CPU.ActiveCfg = Release|Any CPU
		{2C134E57-4504-443C-B6A0-198B02640F12}.Release|Any CPU.Build.0 = Release|Any CPU
		{DC9FD425-66D7-43B4-9114-FC4A923421E0}.Debug|Any CPU.ActiveCfg = Debug|Any CPU
		{DC9FD425-66D7-43B4-9114-FC4A923421E0}.Debug|Any CPU.Build.0 = Debug|Any CPU
		{DC9FD425-66D7-43B4-9114-FC4A923421E0}.Release|Any CPU.ActiveCfg = Release|Any CPU
		{DC9FD425-66D7-43B4-9114-FC4A923421E0}.Release|Any CPU.Build.0 = Release|Any CPU
	EndGlobalSection
	GlobalSection(SolutionProperties) = preSolution
		HideSolutionNode = FALSE
	EndGlobalSection
	GlobalSection(ExtensibilityGlobals) = postSolution
		SolutionGuid = {56B0B628-698F-46DA-89B7-D71CBCE48C5B}
	EndGlobalSection
EndGlobal
